// !$*UTF8*$!
{
	archiveVersion = 1;
	classes = {
	};
	objectVersion = 46;
	objects = {

/* Begin PBXBuildFile section */
		3F2EE2191D93169E00613605 /* AppDelegate.swift in Sources */ = {isa = PBXBuildFile; fileRef = 3F2EE2181D93169E00613605 /* AppDelegate.swift */; };
		3F2EE21B1D93169E00613605 /* ViewController.swift in Sources */ = {isa = PBXBuildFile; fileRef = 3F2EE21A1D93169E00613605 /* ViewController.swift */; };
		3F2EE21E1D93169E00613605 /* Main.storyboard in Resources */ = {isa = PBXBuildFile; fileRef = 3F2EE21C1D93169E00613605 /* Main.storyboard */; };
		3F2EE2201D93169E00613605 /* Assets.xcassets in Resources */ = {isa = PBXBuildFile; fileRef = 3F2EE21F1D93169E00613605 /* Assets.xcassets */; };
		3F2EE2231D93169E00613605 /* LaunchScreen.storyboard in Resources */ = {isa = PBXBuildFile; fileRef = 3F2EE2211D93169E00613605 /* LaunchScreen.storyboard */; };
		3F2EE22B1D9316FA00613605 /* MapKit.framework in Frameworks */ = {isa = PBXBuildFile; fileRef = 3F2EE22A1D9316FA00613605 /* MapKit.framework */; };
		3F2EE22D1D93175000613605 /* CoreLocation.framework in Frameworks */ = {isa = PBXBuildFile; fileRef = 3F2EE22C1D93175000613605 /* CoreLocation.framework */; };
/* End PBXBuildFile section */

/* Begin PBXFileReference section */
		3F2EE2151D93169E00613605 /* William's Map.app */ = {isa = PBXFileReference; explicitFileType = wrapper.application; includeInIndex = 0; path = "William's Map.app"; sourceTree = BUILT_PRODUCTS_DIR; };
		3F2EE2181D93169E00613605 /* AppDelegate.swift */ = {isa = PBXFileReference; lastKnownFileType = sourcecode.swift; path = AppDelegate.swift; sourceTree = "<group>"; };
		3F2EE21A1D93169E00613605 /* ViewController.swift */ = {isa = PBXFileReference; lastKnownFileType = sourcecode.swift; path = ViewController.swift; sourceTree = "<group>"; };
		3F2EE21D1D93169E00613605 /* Base */ = {isa = PBXFileReference; lastKnownFileType = file.storyboard; name = Base; path = Base.lproj/Main.storyboard; sourceTree = "<group>"; };
		3F2EE21F1D93169E00613605 /* Assets.xcassets */ = {isa = PBXFileReference; lastKnownFileType = folder.assetcatalog; path = Assets.xcassets; sourceTree = "<group>"; };
		3F2EE2221D93169E00613605 /* Base */ = {isa = PBXFileReference; lastKnownFileType = file.storyboard; name = Base; path = Base.lproj/LaunchScreen.storyboard; sourceTree = "<group>"; };
		3F2EE2241D93169E00613605 /* Info.plist */ = {isa = PBXFileReference; lastKnownFileType = text.plist.xml; path = Info.plist; sourceTree = "<group>"; };
		3F2EE22A1D9316FA00613605 /* MapKit.framework */ = {isa = PBXFileReference; lastKnownFileType = wrapper.framework; name = MapKit.framework; path = System/Library/Frameworks/MapKit.framework; sourceTree = SDKROOT; };
		3F2EE22C1D93175000613605 /* CoreLocation.framework */ = {isa = PBXFileReference; lastKnownFileType = wrapper.framework; name = CoreLocation.framework; path = System/Library/Frameworks/CoreLocation.framework; sourceTree = SDKROOT; };
/* End PBXFileReference section */

/* Begin PBXFrameworksBuildPhase section */
		3F2EE2121D93169E00613605 /* Frameworks */ = {
			isa = PBXFrameworksBuildPhase;
			buildActionMask = 2147483647;
			files = (
				3F2EE22D1D93175000613605 /* CoreLocation.framework in Frameworks */,
				3F2EE22B1D9316FA00613605 /* MapKit.framework in Frameworks */,
			);
			runOnlyForDeploymentPostprocessing = 0;
		};
/* End PBXFrameworksBuildPhase section */

/* Begin PBXGroup section */
		3F2EE20C1D93169E00613605 = {
			isa = PBXGroup;
			children = (
				3F2EE22C1D93175000613605 /* CoreLocation.framework */,
				3F2EE22A1D9316FA00613605 /* MapKit.framework */,
				3F2EE2171D93169E00613605 /* William's Map */,
				3F2EE2161D93169E00613605 /* Products */,
			);
			sourceTree = "<group>";
		};
		3F2EE2161D93169E00613605 /* Products */ = {
			isa = PBXGroup;
			children = (
				3F2EE2151D93169E00613605 /* William's Map.app */,
			);
			name = Products;
			sourceTree = "<group>";
		};
		3F2EE2171D93169E00613605 /* William's Map */ = {
			isa = PBXGroup;
			children = (
				3F2EE2181D93169E00613605 /* AppDelegate.swift */,
				3F2EE21A1D93169E00613605 /* ViewController.swift */,
				3F2EE21C1D93169E00613605 /* Main.storyboard */,
				3F2EE21F1D93169E00613605 /* Assets.xcassets */,
				3F2EE2211D93169E00613605 /* LaunchScreen.storyboard */,
				3F2EE2241D93169E00613605 /* Info.plist */,
			);
			path = "William's Map";
			sourceTree = "<group>";
		};
/* End PBXGroup section */

/* Begin PBXNativeTarget section */
		3F2EE2141D93169E00613605 /* William's Map */ = {
			isa = PBXNativeTarget;
			buildConfigurationList = 3F2EE2271D93169E00613605 /* Build configuration list for PBXNativeTarget "William's Map" */;
			buildPhases = (
				3F2EE2111D93169E00613605 /* Sources */,
				3F2EE2121D93169E00613605 /* Frameworks */,
				3F2EE2131D93169E00613605 /* Resources */,
			);
			buildRules = (
			);
			dependencies = (
			);
			name = "William's Map";
			productName = "William's Map";
			productReference = 3F2EE2151D93169E00613605 /* William's Map.app */;
			productType = "com.apple.product-type.application";
		};
/* End PBXNativeTarget section */

/* Begin PBXProject section */
		3F2EE20D1D93169E00613605 /* Project object */ = {
			isa = PBXProject;
			attributes = {
				LastSwiftUpdateCheck = 0730;
				LastUpgradeCheck = 0730;
				ORGANIZATIONNAME = Uno;
				TargetAttributes = {
					3F2EE2141D93169E00613605 = {
						CreatedOnToolsVersion = 7.3.1;
						LastSwiftMigration = 0800;
						SystemCapabilities = {
							com.apple.Maps.iOS = {
								enabled = 1;
							};
						};
					};
				};
			};
			buildConfigurationList = 3F2EE2101D93169E00613605 /* Build configuration list for PBXProject "William's Map" */;
			compatibilityVersion = "Xcode 3.2";
			developmentRegion = English;
			hasScannedForEncodings = 0;
			knownRegions = (
				en,
				Base,
			);
			mainGroup = 3F2EE20C1D93169E00613605;
			productRefGroup = 3F2EE2161D93169E00613605 /* Products */;
			projectDirPath = "";
			projectRoot = "";
			targets = (
				3F2EE2141D93169E00613605 /* William's Map */,
			);
		};
/* End PBXProject section */

/* Begin PBXResourcesBuildPhase section */
		3F2EE2131D93169E00613605 /* Resources */ = {
			isa = PBXResourcesBuildPhase;
			buildActionMask = 2147483647;
			files = (
				3F2EE2231D93169E00613605 /* LaunchScreen.storyboard in Resources */,
				3F2EE2201D93169E00613605 /* Assets.xcassets in Resources */,
				3F2EE21E1D93169E00613605 /* Main.storyboard in Resources */,
			);
			runOnlyForDeploymentPostprocessing = 0;
		};
/* End PBXResourcesBuildPhase section */

/* Begin PBXSourcesBuildPhase section */
		3F2EE2111D93169E00613605 /* Sources */ = {
			isa = PBXSourcesBuildPhase;
			buildActionMask = 2147483647;
			files = (
				3F2EE21B1D93169E00613605 /* ViewController.swift in Sources */,
				3F2EE2191D93169E00613605 /* AppDelegate.swift in Sources */,
			);
			runOnlyForDeploymentPostprocessing = 0;
		};
/* End PBXSourcesBuildPhase section */

/* Begin PBXVariantGroup section */
		3F2EE21C1D93169E00613605 /* Main.storyboard */ = {
			isa = PBXVariantGroup;
			children = (
				3F2EE21D1D93169E00613605 /* Base */,
			);
			name = Main.storyboard;
			sourceTree = "<group>";
		};
		3F2EE2211D93169E00613605 /* LaunchScreen.storyboard */ = {
			isa = PBXVariantGroup;
			children = (
				3F2EE2221D93169E00613605 /* Base */,
			);
			name = LaunchScreen.storyboard;
			sourceTree = "<group>";
		};
/* End PBXVariantGroup section */

/* Begin XCBuildConfiguration section */
		3F2EE2251D93169E00613605 /* Debug */ = {
			isa = XCBuildConfiguration;
			buildSettings = {
				ALWAYS_SEARCH_USER_PATHS = NO;
				CLANG_ANALYZER_NONNULL = YES;
				CLANG_CXX_LANGUAGE_STANDARD = "gnu++0x";
				CLANG_CXX_LIBRARY = "libc++";
				CLANG_ENABLE_MODULES = YES;
				CLANG_ENABLE_OBJC_ARC = YES;
				CLANG_WARN_BOOL_CONVERSION = YES;
				CLANG_WARN_CONSTANT_CONVERSION = YES;
				CLANG_WARN_DIRECT_OBJC_ISA_USAGE = YES_ERROR;
				CLANG_WARN_EMPTY_BODY = YES;
				CLANG_WARN_ENUM_CONVERSION = YES;
				CLANG_WARN_INT_CONVERSION = YES;
				CLANG_WARN_OBJC_ROOT_CLASS = YES_ERROR;
				CLANG_WARN_UNREACHABLE_CODE = YES;
				CLANG_WARN__DUPLICATE_METHOD_MATCH = YES;
				"CODE_SIGN_IDENTITY[sdk=iphoneos*]" = "iPhone Developer";
				COPY_PHASE_STRIP = NO;
				DEBUG_INFORMATION_FORMAT = dwarf;
				ENABLE_STRICT_OBJC_MSGSEND = YES;
				ENABLE_TESTABILITY = YES;
				GCC_C_LANGUAGE_STANDARD = gnu99;
				GCC_DYNAMIC_NO_PIC = NO;
				GCC_NO_COMMON_BLOCKS = YES;
				GCC_OPTIMIZATION_LEVEL = 0;
				GCC_PREPROCESSOR_DEFINITIONS = (
					"DEBUG=1",
					"$(inherited)",
				);
				GCC_WARN_64_TO_32_BIT_CONVERSION = YES;
				GCC_WARN_ABOUT_RETURN_TYPE = YES_ERROR;
				GCC_WARN_UNDECLARED_SELECTOR = YES;
				GCC_WARN_UNINITIALIZED_AUTOS = YES_AGGRESSIVE;
				GCC_WARN_UNUSED_FUNCTION = YES;
				GCC_WARN_UNUSED_VARIABLE = YES;
				IPHONEOS_DEPLOYMENT_TARGET = 9.3;
				MTL_ENABLE_DEBUG_INFO = YES;
				ONLY_ACTIVE_ARCH = YES;
				SDKROOT = iphoneos;
				SWIFT_OPTIMIZATION_LEVEL = "-Onone";
				TARGETED_DEVICE_FAMILY = "1,2";
			};
			name = Debug;
		};
		3F2EE2261D93169E00613605 /* Release */ = {
			isa = XCBuildConfiguration;
			buildSettings = {
				ALWAYS_SEARCH_USER_PATHS = NO;
				CLANG_ANALYZER_NONNULL = YES;
				CLANG_CXX_LANGUAGE_STANDARD = "gnu++0x";
				CLANG_CXX_LIBRARY = "libc++";
				CLANG_ENABLE_MODULES = YES;
				CLANG_ENABLE_OBJC_ARC = YES;
				CLANG_WARN_BOOL_CONVERSION = YES;
				CLANG_WARN_CONSTANT_CONVERSION = YES;
				CLANG_WARN_DIRECT_OBJC_ISA_USAGE = YES_ERROR;
				CLANG_WARN_EMPTY_BODY = YES;
				CLANG_WARN_ENUM_CONVERSION = YES;
				CLANG_WARN_INT_CONVERSION = YES;
				CLANG_WARN_OBJC_ROOT_CLASS = YES_ERROR;
				CLANG_WARN_UNREACHABLE_CODE = YES;
				CLANG_WARN__DUPLICATE_METHOD_MATCH = YES;
				"CODE_SIGN_IDENTITY[sdk=iphoneos*]" = "iPhone Developer";
				COPY_PHASE_STRIP = NO;
				DEBUG_INFORMATION_FORMAT = "dwarf-with-dsym";
				ENABLE_NS_ASSERTIONS = NO;
				ENABLE_STRICT_OBJC_MSGSEND = YES;
				GCC_C_LANGUAGE_STANDARD = gnu99;
				GCC_NO_COMMON_BLOCKS = YES;
				GCC_WARN_64_TO_32_BIT_CONVERSION = YES;
				GCC_WARN_ABOUT_RETURN_TYPE = YES_ERROR;
				GCC_WARN_UNDECLARED_SELECTOR = YES;
				GCC_WARN_UNINITIALIZED_AUTOS = YES_AGGRESSIVE;
				GCC_WARN_UNUSED_FUNCTION = YES;
				GCC_WARN_UNUSED_VARIABLE = YES;
				IPHONEOS_DEPLOYMENT_TARGET = 9.3;
				MTL_ENABLE_DEBUG_INFO = NO;
				SDKROOT = iphoneos;
				TARGETED_DEVICE_FAMILY = "1,2";
				VALIDATE_PRODUCT = YES;
			};
			name = Release;
		};
		3F2EE2281D93169E00613605 /* Debug */ = {
			isa = XCBuildConfiguration;
			buildSettings = {
				ASSETCATALOG_COMPILER_APPICON_NAME = AppIcon;
				INFOPLIST_FILE = "William's Map/Info.plist";
				LD_RUNPATH_SEARCH_PATHS = "$(inherited) @executable_path/Frameworks";
				PRODUCT_BUNDLE_IDENTIFIER = "br.com.uno.William-s-Map";
				PRODUCT_NAME = "$(TARGET_NAME)";
				SWIFT_VERSION = 3.0;
			};
			name = Debug;
		};
		3F2EE2291D93169E00613605 /* Release */ = {
			isa = XCBuildConfiguration;
			buildSettings = {
				ASSETCATALOG_COMPILER_APPICON_NAME = AppIcon;
				INFOPLIST_FILE = "William's Map/Info.plist";
				LD_RUNPATH_SEARCH_PATHS = "$(inherited) @executable_path/Frameworks";
				PRODUCT_BUNDLE_IDENTIFIER = "br.com.uno.William-s-Map";
				PRODUCT_NAME = "$(TARGET_NAME)";
				SWIFT_VERSION = 3.0;
			};
			name = Release;
		};
/* End XCBuildConfiguration section */

/* Begin XCConfigurationList section */
		3F2EE2101D93169E00613605 /* Build configuration list for PBXProject "William's Map" */ = {
			isa = XCConfigurationList;
			buildConfigurations = (
				3F2EE2251D93169E00613605 /* Debug */,
				3F2EE2261D93169E00613605 /* Release */,
			);
			defaultConfigurationIsVisible = 0;
			defaultConfigurationName = Release;
		};
		3F2EE2271D93169E00613605 /* Build configuration list for PBXNativeTarget "William's Map" */ = {
			isa = XCConfigurationList;
			buildConfigurations = (
				3F2EE2281D93169E00613605 /* Debug */,
				3F2EE2291D93169E00613605 /* Release */,
			);
			defaultConfigurationIsVisible = 0;
			defaultConfigurationName = Release;
		};
/* End XCConfigurationList section */
	};
	rootObject = 3F2EE20D1D93169E00613605 /* Project object */;
}
